<?xml version="1.0" encoding="utf-8"?>
<Project ToolsVersion="4.0" xmlns="http://schemas.microsoft.com/developer/msbuild/2003">
  <ItemGroup>
    <Filter Include="Source Files">
      <UniqueIdentifier>{4FC737F1-C7A5-4376-A066-2A32D752A2FF}</UniqueIdentifier>
      <Extensions>cpp;c;cc;cxx;def;odl;idl;hpj;bat;asm;asmx</Extensions>
    </Filter>
    <Filter Include="Header Files">
      <UniqueIdentifier>{93995380-89BD-4b04-88EB-625FBE52EBFB}</UniqueIdentifier>
      <Extensions>h;hh;hpp;hxx;hm;inl;inc;ipp;xsd</Extensions>
    </Filter>
    <Filter Include="Resource Files">
      <UniqueIdentifier>{67DA6AB6-F800-4c08-8B7A-83BB121AAD01}</UniqueIdentifier>
      <Extensions>rc;ico;cur;bmp;dlg;rc2;rct;bin;rgs;gif;jpg;jpeg;jpe;resx;tiff;tif;png;wav;mfcribbon-ms</Extensions>
    </Filter>
    <Filter Include="Source Files\wincon">
      <UniqueIdentifier>{f7ea11f1-09d1-4118-ba3c-a28090c366e5}</UniqueIdentifier>
    </Filter>
    <Filter Include="Source Files\pdcurses">
      <UniqueIdentifier>{093ab81b-ffc0-454e-869d-f28960bd5257}</UniqueIdentifier>
    </Filter>
  </ItemGroup>
  <ItemGroup>
    <ClInclude Include="..\PDCurses\curses.h">
      <Filter>Header Files</Filter>
    </ClInclude>
  </ItemGroup>
  <ItemGroup>
    <ClCompile Include="..\PDCurses\wincon\pdcclip.c">
      <Filter>Source Files\wincon</Filter>
    </ClCompile>
    <ClCompile Include="..\PDCurses\wincon\pdcdisp.c">
      <Filter>Source Files\wincon</Filter>
    </ClCompile>
    <ClCompile Include="..\PDCurses\wincon\pdcgetsc.c">
      <Filter>Source Files\wincon</Filter>
    </ClCompile>
    <ClCompile Include="..\PDCurses\wincon\pdckbd.c">
      <Filter>Source Files\wincon</Filter>
    </ClCompile>
    <ClCompile Include="..\PDCurses\wincon\pdcscrn.c">
      <Filter>Source Files\wincon</Filter>
    </ClCompile>
    <ClCompile Include="..\PDCurses\wincon\pdcsetsc.c">
      <Filter>Source Files\wincon</Filter>
    </ClCompile>
    <ClCompile Include="..\PDCurses\wincon\pdcutil.c">
      <Filter>Source Files\wincon</Filter>
    </ClCompile>
    <ClCompile Include="..\PDCurses\pdcurses\addch.c">
      <Filter>Source Files\pdcurses</Filter>
    </ClCompile>
    <ClCompile Include="..\PDCurses\pdcurses\addchstr.c">
      <Filter>Source Files\pdcurses</Filter>
    </ClCompile>
    <ClCompile Include="..\PDCurses\pdcurses\addstr.c">
      <Filter>Source Files\pdcurses</Filter>
    </ClCompile>
    <ClCompile Include="..\PDCurses\pdcurses\attr.c">
      <Filter>Source Files\pdcurses</Filter>
    </ClCompile>
    <ClCompile Include="..\PDCurses\pdcurses\beep.c">
      <Filter>Source Files\pdcurses</Filter>
    </ClCompile>
    <ClCompile Include="..\PDCurses\pdcurses\bkgd.c">
      <Filter>Source Files\pdcurses</Filter>
    </ClCompile>
    <ClCompile Include="..\PDCurses\pdcurses\border.c">
      <Filter>Source Files\pdcurses</Filter>
    </ClCompile>
    <ClCompile Include="..\PDCurses\pdcurses\clear.c">
      <Filter>Source Files\pdcurses</Filter>
    </ClCompile>
    <ClCompile Include="..\PDCurses\pdcurses\color.c">
      <Filter>Source Files\pdcurses</Filter>
    </ClCompile>
    <ClCompile Include="..\PDCurses\pdcurses\debug.c">
      <Filter>Source Files\pdcurses</Filter>
    </ClCompile>
    <ClCompile Include="..\PDCurses\pdcurses\delch.c">
      <Filter>Source Files\pdcurses</Filter>
    </ClCompile>
    <ClCompile Include="..\PDCurses\pdcurses\deleteln.c">
      <Filter>Source Files\pdcurses</Filter>
    </ClCompile>
    <ClCompile Include="..\PDCurses\pdcurses\deprec.c">
      <Filter>Source Files\pdcurses</Filter>
    </ClCompile>
    <ClCompile Include="..\PDCurses\pdcurses\getch.c">
      <Filter>Source Files\pdcurses</Filter>
    </ClCompile>
    <ClCompile Include="..\PDCurses\pdcurses\getstr.c">
      <Filter>Source Files\pdcurses</Filter>
    </ClCompile>
    <ClCompile Include="..\PDCurses\pdcurses\getyx.c">
      <Filter>Source Files\pdcurses</Filter>
    </ClCompile>
    <ClCompile Include="..\PDCurses\pdcurses\inch.c">
      <Filter>Source Files\pdcurses</Filter>
    </ClCompile>
    <ClCompile Include="..\PDCurses\pdcurses\inchstr.c">
      <Filter>Source Files\pdcurses</Filter>
    </ClCompile>
    <ClCompile Include="..\PDCurses\pdcurses\initscr.c">
      <Filter>Source Files\pdcurses</Filter>
    </ClCompile>
    <ClCompile Include="..\PDCurses\pdcurses\inopts.c">
      <Filter>Source Files\pdcurses</Filter>
    </ClCompile>
    <ClCompile Include="..\PDCurses\pdcurses\insch.c">
      <Filter>Source Files\pdcurses</Filter>
    </ClCompile>
    <ClCompile Include="..\PDCurses\pdcurses\insstr.c">
      <Filter>Source Files\pdcurses</Filter>
    </ClCompile>
    <ClCompile Include="..\PDCurses\pdcurses\instr.c">
      <Filter>Source Files\pdcurses</Filter>
    </ClCompile>
    <ClCompile Include="..\PDCurses\pdcurses\kernel.c">
      <Filter>Source Files\pdcurses</Filter>
    </ClCompile>
    <ClCompile Include="..\PDCurses\pdcurses\keyname.c">
      <Filter>Source Files\pdcurses</Filter>
    </ClCompile>
    <ClCompile Include="..\PDCurses\pdcurses\mouse.c">
      <Filter>Source Files\pdcurses</Filter>
    </ClCompile>
    <ClCompile Include="..\PDCurses\pdcurses\move.c">
      <Filter>Source Files\pdcurses</Filter>
    </ClCompile>
    <ClCompile Include="..\PDCurses\pdcurses\outopts.c">
      <Filter>Source Files\pdcurses</Filter>
    </ClCompile>
    <ClCompile Include="..\PDCurses\pdcurses\overlay.c">
      <Filter>Source Files\pdcurses</Filter>
    </ClCompile>
    <ClCompile Include="..\PDCurses\pdcurses\pad.c">
      <Filter>Source Files\pdcurses</Filter>
    </ClCompile>
    <ClCompile Include="..\PDCurses\pdcurses\panel.c">
      <Filter>Source Files\pdcurses</Filter>
    </ClCompile>
    <ClCompile Include="..\PDCurses\pdcurses\printw.c">
      <Filter>Source Files\pdcurses</Filter>
    </ClCompile>
    <ClCompile Include="..\PDCurses\pdcurses\refresh.c">
      <Filter>Source Files\pdcurses</Filter>
    </ClCompile>
    <ClCompile Include="..\PDCurses\pdcurses\scanw.c">
      <Filter>Source Files\pdcurses</Filter>
    </ClCompile>
    <ClCompile Include="..\PDCurses\pdcurses\scr_dump.c">
      <Filter>Source Files\pdcurses</Filter>
    </ClCompile>
    <ClCompile Include="..\PDCurses\pdcurses\scroll.c">
      <Filter>Source Files\pdcurses</Filter>
    </ClCompile>
    <ClCompile Include="..\PDCurses\pdcurses\slk.c">
      <Filter>Source Files\pdcurses</Filter>
    </ClCompile>
    <ClCompile Include="..\PDCurses\pdcurses\termattr.c">
      <Filter>Source Files\pdcurses</Filter>
    </ClCompile>
    <ClCompile Include="..\PDCurses\pdcurses\terminfo.c">
      <Filter>Source Files\pdcurses</Filter>
    </ClCompile>
    <ClCompile Include="..\PDCurses\pdcurses\touch.c">
      <Filter>Source Files\pdcurses</Filter>
    </ClCompile>
    <ClCompile Include="..\PDCurses\pdcurses\util.c">
      <Filter>Source Files\pdcurses</Filter>
    </ClCompile>
    <ClCompile Include="..\PDCurses\pdcurses\window.c">
      <Filter>Source Files\pdcurses</Filter>
    </ClCompile>
  </ItemGroup>
</Project>